{
  "version": 4,
  "terraform_version": "0.12.2",
  "serial": 15,
  "lineage": "ea85785b-5dc8-e129-348b-44196d4cbdbc",
  "outputs": {
    "cluster-name": {
      "value": "harbor-kube",
      "type": "string"
    }
  },
  "resources": [
    {
      "mode": "managed",
      "type": "google_container_cluster",
      "name": "harbor",
      "provider": "provider.google",
      "instances": [
        {
          "schema_version": 1,
          "attributes": {
            "additional_zones": [],
            "addons_config": [
              {
                "horizontal_pod_autoscaling": [],
                "http_load_balancing": [],
                "kubernetes_dashboard": [
                  {
                    "disabled": true
                  }
                ],
                "network_policy_config": [
                  {
                    "disabled": true
                  }
                ]
              }
            ],
            "cluster_autoscaling": [],
            "cluster_ipv4_cidr": "10.32.0.0/14",
            "description": "",
            "enable_binary_authorization": null,
            "enable_intranode_visibility": null,
            "enable_kubernetes_alpha": false,
            "enable_legacy_abac": false,
            "enable_tpu": null,
            "endpoint": "104.196.246.137",
            "id": "harbor-kube",
            "initial_node_count": 3,
            "instance_group_urls": [],
            "ip_allocation_policy": [],
            "location": "us-west1-a",
            "logging_service": "logging.googleapis.com",
            "maintenance_policy": [],
            "master_auth": [
              {
                "client_certificate": "",
                "client_certificate_config": [
                  {
                    "issue_client_certificate": false
                  }
                ],
                "client_key": "",
                "cluster_ca_certificate": "LS0tLS1CRUdJTiBDRVJUSUZJQ0FURS0tLS0tCk1JSURDekNDQWZPZ0F3SUJBZ0lRTitjNnhVMnkzZlJiK1dzSmcxalFZekFOQmdrcWhraUc5dzBCQVFzRkFEQXYKTVMwd0t3WURWUVFERXlRNU5UZzRNV1UxWlMweU1UQTBMVFJpT1RRdE9UVmxOeTFqWWpRNFptVTBaVE13WldJdwpIaGNOTVRrd09EQTRNVFEwTWpReVdoY05NalF3T0RBMk1UVTBNalF5V2pBdk1TMHdLd1lEVlFRREV5UTVOVGc0Ck1XVTFaUzB5TVRBMExUUmlPVFF0T1RWbE55MWpZalE0Wm1VMFpUTXdaV0l3Z2dFaU1BMEdDU3FHU0liM0RRRUIKQVFVQUE0SUJEd0F3Z2dFS0FvSUJBUUN0U3J0OTAvMGNITm9uQk56bGk4UEthcFVCWjFxUHRTd1RZNnZpWFY2TwpEUnBPZTJXbmJSZWc4bk1HdkVEMEYzTFpNWEJiVG9sOEtQamhYUFdqTFJvWWJTR2xXV3VWNklTN01Rcy9IRW9TCnRqaHc1MEtIWHhiTy9JTjlEeWtpTGkyZ29URFdTSFQrbEhvbzlJUURTSnd3bi81dHBWRFdzTHllejlVSnNPcTAKS2VvL2NKRUhOTnRYd2l0RFlFVHIyQ3U0dEpESjRvdVZ5MHVJQ2gyeC9KdmJmdnhuS1VyU25LN0RDV3hLWHdRMAovWWhRSXlKWEd2K1RQWHNMRXYwNUx0NDN6QXptZ1o1V3VhNUh3bTVmRlUxR3ZLZzNRdEVmTWJrQjJwZ1g3ays4CmtLS2JUSEhHY0NaVVVlUjFXeVNNQlpDRnkxb282MndIMHJsbXRnME1UN0NiQWdNQkFBR2pJekFoTUE0R0ExVWQKRHdFQi93UUVBd0lDQkRBUEJnTlZIUk1CQWY4RUJUQURBUUgvTUEwR0NTcUdTSWIzRFFFQkN3VUFBNElCQVFBSAo2MVNUUVhicC9rQVZnYU5WbktDeUZ6aE5IeVJVZjhjYWNXamhBa0dNRkJINmg4a0FQM1BPWnMxUWM2OXc1d1pSCjJZOXBhcHduN1JWQVRrTVhBNmdyeEN3U3QyREZhKzdWdTdqRFV1dkcxaW9xOHI5SDlPTlN2VEU0cmtUQnA0NGwKRkR3ejc3RWluVnVxdUl5YVBPamdwd1FwcWR3dGdCTjZRRDVhc01EOEF1RmtkYmtXa3MxODR4aUxQcnN3MVJtdApscDVHNFExOUxqZWtCY3EwWHZEb3Z2UmZSSTh3NUZrNzBuN2RhRDRObUhtRE5FeTR5dE9jVEc2Y0U5MllFcjhyClN2akZTcExJckhPSWNvdzZaYm1lUUdXS1FlWDlodWZaQ1E0QjlBTWlJb1pTS05RQ2RjRWZtVUxqb2xDY0JtSFkKeTVmUERhMnNnSU1md0NxRlNjTVcKLS0tLS1FTkQgQ0VSVElGSUNBVEUtLS0tLQo=",
                "password": "",
                "username": ""
              }
            ],
            "master_authorized_networks_config": [],
            "master_version": "1.12.8-gke.10",
            "min_master_version": null,
            "monitoring_service": "monitoring.googleapis.com",
            "name": "harbor-kube",
            "network": "projects/terraform-gcp-harbor/global/networks/default",
            "network_policy": [
              {
                "enabled": false,
                "provider": "PROVIDER_UNSPECIFIED"
              }
            ],
            "node_config": [],
            "node_locations": [],
            "node_pool": [],
            "node_version": "1.12.8-gke.10",
            "pod_security_policy_config": [],
            "private_cluster_config": [],
            "project": "terraform-gcp-harbor",
            "region": null,
            "remove_default_node_pool": true,
            "resource_labels": null,
            "services_ipv4_cidr": "10.35.240.0/20",
            "subnetwork": "projects/terraform-gcp-harbor/regions/us-west1/subnetworks/default",
            "timeouts": null,
            "zone": "us-west1-a"
          },
          "private": "eyJlMmJmYjczMC1lY2FhLTExZTYtOGY4OC0zNDM2M2JjN2M0YzAiOnsiY3JlYXRlIjoxODAwMDAwMDAwMDAwLCJkZWxldGUiOjE4MDAwMDAwMDAwMDAsInVwZGF0ZSI6MzYwMDAwMDAwMDAwMH0sInNjaGVtYV92ZXJzaW9uIjoiMSJ9"
        }
      ]
    },
    {
      "mode": "managed",
      "type": "google_container_node_pool",
      "name": "harbor_nodes",
      "provider": "provider.google",
      "instances": [
        {
          "schema_version": 1,
          "attributes": {
            "autoscaling": [],
            "cluster": "harbor-kube",
            "id": "us-west1-a/harbor-kube/harbor-kube-pool",
            "initial_node_count": 3,
            "instance_group_urls": [
              "https://www.googleapis.com/compute/v1/projects/terraform-gcp-harbor/zones/us-west1-a/instanceGroupManagers/gke-harbor-kube-harbor-kube-pool-8ceb469d-grp"
            ],
            "location": "us-west1-a",
            "management": [
              {
                "auto_repair": false,
                "auto_upgrade": false
              }
            ],
            "max_pods_per_node": null,
            "name": "harbor-kube-pool",
            "name_prefix": "",
            "node_config": [
              {
                "disk_size_gb": 100,
                "disk_type": "pd-standard",
                "guest_accelerator": [],
                "image_type": "COS",
                "labels": {},
                "local_ssd_count": 0,
                "machine_type": "n1-standard-2",
                "metadata": {
                  "disable-legacy-endpoints": "true"
                },
                "min_cpu_platform": "",
                "oauth_scopes": [
                  "https://www.googleapis.com/auth/logging.write",
                  "https://www.googleapis.com/auth/monitoring"
                ],
                "preemptible": true,
                "sandbox_config": [],
                "service_account": "default",
                "tags": null,
                "taint": [],
                "workload_metadata_config": []
              }
            ],
            "node_count": 3,
            "project": "terraform-gcp-harbor",
            "region": null,
            "timeouts": null,
            "version": "1.12.8-gke.10",
            "zone": "us-west1-a"
          },
          "private": "eyJlMmJmYjczMC1lY2FhLTExZTYtOGY4OC0zNDM2M2JjN2M0YzAiOnsiY3JlYXRlIjoxODAwMDAwMDAwMDAwLCJkZWxldGUiOjYwMDAwMDAwMDAwMCwidXBkYXRlIjo2MDAwMDAwMDAwMDB9LCJzY2hlbWFfdmVyc2lvbiI6IjEifQ==",
          "depends_on": [
            "google_container_cluster.harbor"
          ]
        }
      ]
    }
  ]
}
