{
  "version": 4,
  "terraform_version": "0.12.2",
  "serial": 28,
  "lineage": "ea85785b-5dc8-e129-348b-44196d4cbdbc",
  "outputs": {
    "cluster-name": {
      "value": "harbor-kube",
      "type": "string"
    }
  },
  "resources": [
    {
      "mode": "managed",
      "type": "google_container_cluster",
      "name": "harbor",
      "provider": "provider.google",
      "instances": [
        {
          "schema_version": 1,
          "attributes": {
            "additional_zones": [],
            "addons_config": [
              {
                "horizontal_pod_autoscaling": [],
                "http_load_balancing": [],
                "kubernetes_dashboard": [
                  {
                    "disabled": true
                  }
                ],
                "network_policy_config": [
                  {
                    "disabled": true
                  }
                ]
              }
            ],
            "cluster_autoscaling": [],
            "cluster_ipv4_cidr": "10.128.0.0/14",
            "description": "",
            "enable_binary_authorization": null,
            "enable_intranode_visibility": null,
            "enable_kubernetes_alpha": false,
            "enable_legacy_abac": false,
            "enable_tpu": null,
            "endpoint": "35.233.169.142",
            "id": "harbor-kube",
            "initial_node_count": 3,
            "instance_group_urls": [],
            "ip_allocation_policy": [],
            "location": "us-west1-a",
            "logging_service": "logging.googleapis.com",
            "maintenance_policy": [],
            "master_auth": [
              {
                "client_certificate": "",
                "client_certificate_config": [
                  {
                    "issue_client_certificate": false
                  }
                ],
                "client_key": "",
                "cluster_ca_certificate": "LS0tLS1CRUdJTiBDRVJUSUZJQ0FURS0tLS0tCk1JSURDekNDQWZPZ0F3SUJBZ0lRRnpZOVpsNW9wVXlKY3dPWHhCcWoxakFOQmdrcWhraUc5dzBCQVFzRkFEQXYKTVMwd0t3WURWUVFERXlSaU1EaGlNR1UxT1MxbE9XTTRMVFF4TURVdE9EZ3dPUzB3TURreVlqazVOell3WkRRdwpIaGNOTVRrd09ESXdNVFEwTmpNMFdoY05NalF3T0RFNE1UVTBOak0wV2pBdk1TMHdLd1lEVlFRREV5UmlNRGhpCk1HVTFPUzFsT1dNNExUUXhNRFV0T0Rnd09TMHdNRGt5WWprNU56WXdaRFF3Z2dFaU1BMEdDU3FHU0liM0RRRUIKQVFVQUE0SUJEd0F3Z2dFS0FvSUJBUUNrSXZndFRKNFpnckZ2WC8zWmI1a0NoVWZMcHREbXZnY1hZTlR0Sk9SeQphWHd2VjlGWWpHTTYweFUxRTJpcnRUa3pJTDJyeFlCUVVjRHVtSTFIeDZENjAxR0xDaTJ2MTU5V2NsU1BxeHJJCmlGdllNNGNjNEdEUE9zaVo1NVZtbnRDZ055Sm9US3pPL3UzNlo0WUZ6M2NkY2pjZXFoejloUnFVL0UrZC81M0UKbnFIbTByMytLbzJMWGdzQ21ZQldIbDduRVZjNVdCbHRVR0N3Tmd0bnNZMWk5K1A4Y2VNdjRJSzlJWU9oYlVacgphQVFvakNUYzhwRTRUQUVzVTdVaURDbGtCTXEvMG9CTHgzRGU1U1JIRk5mQjZEM0dkQlNUbkhFcExONmV6V1JpCjRRYkx0ZnEvcUJUUkMvR0oyOFZMOWxTTjNoZ2hKVEtJT2Z6QkswaS9BV1BwQWdNQkFBR2pJekFoTUE0R0ExVWQKRHdFQi93UUVBd0lDQkRBUEJnTlZIUk1CQWY4RUJUQURBUUgvTUEwR0NTcUdTSWIzRFFFQkN3VUFBNElCQVFCbgpLNWwyTnh2V09vYUF3czBVY042a3NEZHRSZVY2aXROVWdJcWJTSHdrUi9vMjFlbnVNWE1NU3B1T1NYL3hVbTF5CkVETVZCejJOSUd5YUJIN2hjSHFvNWxxZWNTendNbjV5eSszaWdTNkVYZDgwS1IvMTRhRm1xWWs0NnVBTVpnWE0KYytKQ0F1M0o1aXNudENTN3JzejhVZmhQcm5JL1BvWVVvZ1NjbXdJWUZFZ2VETzZDdWNJRHhVME8xMmdIa0FWTQpoM2lXbHZ3RyticTE2Vy83bXBqZVQzbS93Z2RmbTdERUdvQlFDRE04aXN2WjBGTTk3N01sNE1JVlROVTBPSElaCjlSUU90d3plUnNKWU9SdGJnYUlsSlNYajBvVEUzRTlZc2dzRTY3N3hGYnVCTTlXSWI4a0pZTk0rcGJqc3BJSnkKZ2V3QUx5RUlmbW5PVXpKdWhTRlQKLS0tLS1FTkQgQ0VSVElGSUNBVEUtLS0tLQo=",
                "password": "",
                "username": ""
              }
            ],
            "master_authorized_networks_config": [],
            "master_version": "1.12.8-gke.10",
            "min_master_version": null,
            "monitoring_service": "monitoring.googleapis.com",
            "name": "harbor-kube",
            "network": "projects/terraform-gcp-harbor/global/networks/terraform-gcp-harbor",
            "network_policy": [
              {
                "enabled": false,
                "provider": "PROVIDER_UNSPECIFIED"
              }
            ],
            "node_config": [],
            "node_locations": [],
            "node_pool": [],
            "node_version": "1.12.8-gke.10",
            "pod_security_policy_config": [],
            "private_cluster_config": [],
            "project": "terraform-gcp-harbor",
            "region": null,
            "remove_default_node_pool": true,
            "resource_labels": null,
            "services_ipv4_cidr": "10.131.240.0/20",
            "subnetwork": "projects/terraform-gcp-harbor/regions/us-west1/subnetworks/harbor-repo-0",
            "timeouts": null,
            "zone": "us-west1-a"
          },
          "private": "eyJlMmJmYjczMC1lY2FhLTExZTYtOGY4OC0zNDM2M2JjN2M0YzAiOnsiY3JlYXRlIjoxODAwMDAwMDAwMDAwLCJkZWxldGUiOjE4MDAwMDAwMDAwMDAsInVwZGF0ZSI6MzYwMDAwMDAwMDAwMH0sInNjaGVtYV92ZXJzaW9uIjoiMSJ9"
        }
      ]
    },
    {
      "mode": "managed",
      "type": "google_container_node_pool",
      "name": "harbor_nodes",
      "provider": "provider.google",
      "instances": [
        {
          "schema_version": 1,
          "attributes": {
            "autoscaling": [],
            "cluster": "harbor-kube",
            "id": "us-west1-a/harbor-kube/harbor-kube-pool",
            "initial_node_count": 3,
            "instance_group_urls": [
              "https://www.googleapis.com/compute/v1/projects/terraform-gcp-harbor/zones/us-west1-a/instanceGroupManagers/gke-harbor-kube-harbor-kube-pool-f0db0974-grp"
            ],
            "location": "us-west1-a",
            "management": [
              {
                "auto_repair": false,
                "auto_upgrade": false
              }
            ],
            "max_pods_per_node": null,
            "name": "harbor-kube-pool",
            "name_prefix": "",
            "node_config": [
              {
                "disk_size_gb": 100,
                "disk_type": "pd-standard",
                "guest_accelerator": [],
                "image_type": "COS",
                "labels": {},
                "local_ssd_count": 0,
                "machine_type": "n1-standard-1",
                "metadata": {
                  "disable-legacy-endpoints": "true"
                },
                "min_cpu_platform": "",
                "oauth_scopes": [
                  "https://www.googleapis.com/auth/logging.write",
                  "https://www.googleapis.com/auth/monitoring"
                ],
                "preemptible": true,
                "sandbox_config": [],
                "service_account": "default",
                "tags": null,
                "taint": [],
                "workload_metadata_config": []
              }
            ],
            "node_count": 3,
            "project": "terraform-gcp-harbor",
            "region": null,
            "timeouts": null,
            "version": "1.12.8-gke.10",
            "zone": "us-west1-a"
          },
          "private": "eyJlMmJmYjczMC1lY2FhLTExZTYtOGY4OC0zNDM2M2JjN2M0YzAiOnsiY3JlYXRlIjoxODAwMDAwMDAwMDAwLCJkZWxldGUiOjYwMDAwMDAwMDAwMCwidXBkYXRlIjo2MDAwMDAwMDAwMDB9LCJzY2hlbWFfdmVyc2lvbiI6IjEifQ==",
          "depends_on": [
            "google_container_cluster.harbor"
          ]
        }
      ]
    }
  ]
}
