{
  "version": 4,
  "terraform_version": "0.12.2",
  "serial": 7,
  "lineage": "ea85785b-5dc8-e129-348b-44196d4cbdbc",
  "outputs": {},
  "resources": [
    {
      "mode": "managed",
      "type": "google_container_cluster",
      "name": "harbor",
      "provider": "provider.google",
      "instances": [
        {
          "schema_version": 1,
          "attributes": {
            "additional_zones": [],
            "addons_config": [
              {
                "horizontal_pod_autoscaling": [],
                "http_load_balancing": [],
                "kubernetes_dashboard": [
                  {
                    "disabled": true
                  }
                ],
                "network_policy_config": [
                  {
                    "disabled": true
                  }
                ]
              }
            ],
            "cluster_autoscaling": [],
            "cluster_ipv4_cidr": "10.32.0.0/14",
            "description": "",
            "enable_binary_authorization": null,
            "enable_intranode_visibility": null,
            "enable_kubernetes_alpha": false,
            "enable_legacy_abac": false,
            "enable_tpu": null,
            "endpoint": "35.197.118.221",
            "id": "harbor-kube",
            "initial_node_count": 3,
            "instance_group_urls": [],
            "ip_allocation_policy": [],
            "location": "us-west1-a",
            "logging_service": "logging.googleapis.com",
            "maintenance_policy": [],
            "master_auth": [
              {
                "client_certificate": "",
                "client_certificate_config": [
                  {
                    "issue_client_certificate": false
                  }
                ],
                "client_key": "",
                "cluster_ca_certificate": "LS0tLS1CRUdJTiBDRVJUSUZJQ0FURS0tLS0tCk1JSURERENDQWZTZ0F3SUJBZ0lSQUpueDlQL2VDNUtDalhQTjJpQnNvWTB3RFFZSktvWklodmNOQVFFTEJRQXcKTHpFdE1Dc0dBMVVFQXhNa01tVm1OalkxT0RZdE56Y3dPUzAwWVRRMkxXRmlOVE10WTJWbU5ERTROVGhrWldReApNQjRYRFRFNU1EZ3dPREUwTWpnME1Wb1hEVEkwTURnd05qRTFNamcwTVZvd0x6RXRNQ3NHQTFVRUF4TWtNbVZtCk5qWTFPRFl0Tnpjd09TMDBZVFEyTFdGaU5UTXRZMlZtTkRFNE5UaGtaV1F4TUlJQklqQU5CZ2txaGtpRzl3MEIKQVFFRkFBT0NBUThBTUlJQkNnS0NBUUVBckY3WW9GWnZ2RGh2bE43bndmSEh5RHc3UTF2bFprS0N5NEVYMy9pVgpoSkdEZERiYURmQ3RyV05vcUhwMWhRVDlyTm04bGdQY0hVNDVVMW51WjJENjd0UE1oM0pGQS81N2xnUGRsZ3dICkpFd3JRWElLbVk5Q3d4TWJ5TVZCRWJKczE0bkM3RXFVV3VQaWJoeks5Q0lhTG5aU1IyZGRLKzZPMW9vSGxpWm4KMVp5ZWF3cnZCUUhOaHpaeTQwbStaaGVwSUc3ZEtYZTV3VG9YMVRLdVl2angwejhQcmx6MGVrTmlvVzV2dkhCeApUS2VyaXR3dFF5TGwxMEhMbnZmUDl4S2Vpc25XTmthdWdqcWoxMUxKSzd5WVlpT2F5bHgvMFZJVldIdUJoRUVvClJxdSs5ampOTG5JeGYvZVJ5VXpVMGhUNnhRZCs5NTAxVkpqa1NjdEVTNXV0YXdJREFRQUJveU13SVRBT0JnTlYKSFE4QkFmOEVCQU1DQWdRd0R3WURWUjBUQVFIL0JBVXdBd0VCL3pBTkJna3Foa2lHOXcwQkFRc0ZBQU9DQVFFQQpLZjA5eWdKZDdSQ3NJUENDeFU0WlZDV2I5UHdkekRYcW5Qc1hOSGVIaUE5K0pWZXBMOGNaY2xiY1d3ck83dFNECkNXa1hpUnVOUjZuZk1DME82clh1VkxmNU83NlZ3VVJpN0txb2o3azB3YTFtMktTbmE0TEVWZFNwZ3pFMHpUZXYKeEJ2ODR5TjNNWUZtdDl1eDI1TmIxNjhCRkxzeWFVc1pBYkZ1TE05RnZRS3pZcDFGTWd3U0w3UmhIOTlES2NUZwpUaE9YZC9pa0NmTGRkRll2UXU0WWViekh2dDg2UTlpcU1ndktSZXZxalhMME9ueGJLcHJEeHdBZExUMWJTeVV2CkcwUzFrZlUyM3NFR1N4Rkwva2lrWThoMnYyanhLQ0VUVHRwejBuQWl4ZTFZK0tmL2NSTFQzZDJkQ1M5WlRGYWQKNkZiUjdESk9jRmxLdE1aQmRENzRMdz09Ci0tLS0tRU5EIENFUlRJRklDQVRFLS0tLS0K",
                "password": "",
                "username": ""
              }
            ],
            "master_authorized_networks_config": [],
            "master_version": "1.12.8-gke.10",
            "min_master_version": null,
            "monitoring_service": "monitoring.googleapis.com",
            "name": "harbor-kube",
            "network": "projects/terraform-gcp-harbor/global/networks/default",
            "network_policy": [
              {
                "enabled": false,
                "provider": "PROVIDER_UNSPECIFIED"
              }
            ],
            "node_config": [],
            "node_locations": [],
            "node_pool": [],
            "node_version": "1.12.8-gke.10",
            "pod_security_policy_config": [],
            "private_cluster_config": [],
            "project": "terraform-gcp-harbor",
            "region": null,
            "remove_default_node_pool": true,
            "resource_labels": null,
            "services_ipv4_cidr": "10.35.240.0/20",
            "subnetwork": "projects/terraform-gcp-harbor/regions/us-west1/subnetworks/default",
            "timeouts": null,
            "zone": "us-west1-a"
          },
          "private": "eyJlMmJmYjczMC1lY2FhLTExZTYtOGY4OC0zNDM2M2JjN2M0YzAiOnsiY3JlYXRlIjoxODAwMDAwMDAwMDAwLCJkZWxldGUiOjE4MDAwMDAwMDAwMDAsInVwZGF0ZSI6MzYwMDAwMDAwMDAwMH0sInNjaGVtYV92ZXJzaW9uIjoiMSJ9"
        }
      ]
    },
    {
      "mode": "managed",
      "type": "google_container_node_pool",
      "name": "harbor_nodes",
      "provider": "provider.google",
      "instances": []
    }
  ]
}
