{
  "version": 4,
  "terraform_version": "0.12.2",
  "serial": 56,
  "lineage": "e7f25def-18f9-7b78-bf92-a8fa6d2bae28",
  "outputs": {
    "cluster-name": {
      "value": "harbor-kube",
      "type": "string"
    }
  },
  "resources": [
    {
      "mode": "managed",
      "type": "google_container_cluster",
      "name": "harbor",
      "provider": "provider.google",
      "instances": [
        {
          "schema_version": 1,
          "attributes": {
            "additional_zones": [],
            "addons_config": [
              {
                "horizontal_pod_autoscaling": [],
                "http_load_balancing": [],
                "kubernetes_dashboard": [
                  {
                    "disabled": true
                  }
                ],
                "network_policy_config": [
                  {
                    "disabled": true
                  }
                ]
              }
            ],
            "cluster_autoscaling": [],
            "cluster_ipv4_cidr": "10.32.0.0/14",
            "description": "",
            "enable_binary_authorization": null,
            "enable_intranode_visibility": null,
            "enable_kubernetes_alpha": false,
            "enable_legacy_abac": false,
            "enable_tpu": null,
            "endpoint": "35.233.210.56",
            "id": "harbor-kube",
            "initial_node_count": 3,
            "instance_group_urls": [],
            "ip_allocation_policy": [],
            "location": "us-west1-a",
            "logging_service": "logging.googleapis.com",
            "maintenance_policy": [],
            "master_auth": [
              {
                "client_certificate": "",
                "client_certificate_config": [
                  {
                    "issue_client_certificate": false
                  }
                ],
                "client_key": "",
                "cluster_ca_certificate": "LS0tLS1CRUdJTiBDRVJUSUZJQ0FURS0tLS0tCk1JSURDekNDQWZPZ0F3SUJBZ0lRU1RJcTBqUFlrV0xhUSt2MTBFbWR1REFOQmdrcWhraUc5dzBCQVFzRkFEQXYKTVMwd0t3WURWUVFERXlReVlqSmxPRFF3TnkwNE5ERXpMVFJpT1RJdFlqQTRZaTAzWXpVek16Z3dNMkV5WVdVdwpIaGNOTVRrd09EQTNNVGt4TXpFd1doY05NalF3T0RBMU1qQXhNekV3V2pBdk1TMHdLd1lEVlFRREV5UXlZakpsCk9EUXdOeTA0TkRFekxUUmlPVEl0WWpBNFlpMDNZelV6TXpnd00yRXlZV1V3Z2dFaU1BMEdDU3FHU0liM0RRRUIKQVFVQUE0SUJEd0F3Z2dFS0FvSUJBUUN4QUxlazEwL3NEVDd2b1BQK2cxRm5iSXYzY3RZS1Y1cldSc1I2Zk5mVQp3cHM4MDdzOFczR2pIWTFPOFhycjNKcVd6dFRiOVViWVpGUjBiUHVrcUJkWitxQi8vb0paZ1k3VVFvTjlFelpZCjh3RjJhQkwrZDJiUXZXMW5YSE1GcWtNTVYyNjdhc3lwRzd4ZjFpY2thSU9EenlyYXJnbFd4a3VTQzM0R2dpK0MKSzVJVXdQVU1RcDg5ZVB1ZzNUZmkwZG1aTHFocXZPZGRObGMwVzN0REVmVWR3WlF6UUozOHJjdUhtbTNNd0Y3bgpsd25Uc0Y1RXRUUFJVelcwZk1vMDFHeXBJd3NmVTRxa0JDeDkvVEFsWFVkTlREVGtsem5jd1VETC92OEtWcFVqCnpHQm5Fc0ErSUQwcm1GQ25qZzhCOGFzU0lieEE2aTArQ2t4aWpVQmlSblhsQWdNQkFBR2pJekFoTUE0R0ExVWQKRHdFQi93UUVBd0lDQkRBUEJnTlZIUk1CQWY4RUJUQURBUUgvTUEwR0NTcUdTSWIzRFFFQkN3VUFBNElCQVFDTApPQWpBTjlBVzE3cHVHWmNPYmhrdmVFRGU5V2pyRG9pWVNiNktSTUhpZmV2L0VFaUgvNFRac0UvbHlmZjFlZERiCmh3RnI2Z3BpNHlvQ2NocjFNNnFKMVVkSGxrZjB0dzJhNmRDOG9ZdW4wbU5vaUZsY1JlUDdrM3VaNlI3ZU1pSWEKM3k5dWFPZ0hEK3d0MDhTYVdpdUVQd01kd2dWRUVOWVhnODQ4VE81ckdqQXJNNzdjcUVybkk0TTZlbGh2YXgzaQpGc2lXU2pwQUxvNmtsdU9lUm1mNUQwWkZBck1rOHlJL0lTYTJDK2M2SkJZek5SMnQyemxuYkhSTk5ybllFMkIvCnppSURzUERKQm5wSGg3UkdralRnVVlhckxXSngwQ2toNmhxRE9rMzB2MXQwZnIrSXg5TzdJSTZIclgxTTRNYXYKNVBIM0VOaVF0SXA0V0tWaTBCUksKLS0tLS1FTkQgQ0VSVElGSUNBVEUtLS0tLQo=",
                "password": "",
                "username": ""
              }
            ],
            "master_authorized_networks_config": [],
            "master_version": "1.12.8-gke.10",
            "min_master_version": null,
            "monitoring_service": "monitoring.googleapis.com",
            "name": "harbor-kube",
            "network": "projects/terraform-gcp-harbor/global/networks/default",
            "network_policy": [
              {
                "enabled": false,
                "provider": "PROVIDER_UNSPECIFIED"
              }
            ],
            "node_config": [],
            "node_locations": [],
            "node_pool": [],
            "node_version": "1.12.8-gke.10",
            "pod_security_policy_config": [],
            "private_cluster_config": [],
            "project": "terraform-gcp-harbor",
            "region": null,
            "remove_default_node_pool": true,
            "resource_labels": null,
            "services_ipv4_cidr": "10.35.240.0/20",
            "subnetwork": "projects/terraform-gcp-harbor/regions/us-west1/subnetworks/default",
            "timeouts": null,
            "zone": "us-west1-a"
          },
          "private": "eyJlMmJmYjczMC1lY2FhLTExZTYtOGY4OC0zNDM2M2JjN2M0YzAiOnsiY3JlYXRlIjoxODAwMDAwMDAwMDAwLCJkZWxldGUiOjE4MDAwMDAwMDAwMDAsInVwZGF0ZSI6MzYwMDAwMDAwMDAwMH0sInNjaGVtYV92ZXJzaW9uIjoiMSJ9"
        }
      ]
    },
    {
      "mode": "managed",
      "type": "google_container_node_pool",
      "name": "harbor_nodes",
      "provider": "provider.google",
      "instances": [
        {
          "schema_version": 1,
          "attributes": {
            "autoscaling": [],
            "cluster": "harbor-kube",
            "id": "us-west1-a/harbor-kube/harbor-kube-pool",
            "initial_node_count": 3,
            "instance_group_urls": [
              "https://www.googleapis.com/compute/v1/projects/terraform-gcp-harbor/zones/us-west1-a/instanceGroupManagers/gke-harbor-kube-harbor-kube-pool-0edf371a-grp"
            ],
            "location": "us-west1-a",
            "management": [
              {
                "auto_repair": false,
                "auto_upgrade": false
              }
            ],
            "max_pods_per_node": null,
            "name": "harbor-kube-pool",
            "name_prefix": "",
            "node_config": [
              {
                "disk_size_gb": 100,
                "disk_type": "pd-standard",
                "guest_accelerator": [],
                "image_type": "COS",
                "labels": {},
                "local_ssd_count": 0,
                "machine_type": "n1-standard-2",
                "metadata": {
                  "disable-legacy-endpoints": "true"
                },
                "min_cpu_platform": "",
                "oauth_scopes": [
                  "https://www.googleapis.com/auth/logging.write",
                  "https://www.googleapis.com/auth/monitoring"
                ],
                "preemptible": true,
                "sandbox_config": [],
                "service_account": "default",
                "tags": null,
                "taint": [],
                "workload_metadata_config": []
              }
            ],
            "node_count": 3,
            "project": "terraform-gcp-harbor",
            "region": null,
            "timeouts": null,
            "version": "1.12.8-gke.10",
            "zone": "us-west1-a"
          },
          "private": "eyJlMmJmYjczMC1lY2FhLTExZTYtOGY4OC0zNDM2M2JjN2M0YzAiOnsiY3JlYXRlIjoxODAwMDAwMDAwMDAwLCJkZWxldGUiOjYwMDAwMDAwMDAwMCwidXBkYXRlIjo2MDAwMDAwMDAwMDB9LCJzY2hlbWFfdmVyc2lvbiI6IjEifQ==",
          "depends_on": [
            "google_container_cluster.harbor"
          ]
        }
      ]
    }
  ]
}
