{
  "version": 4,
  "terraform_version": "0.12.2",
  "serial": 63,
  "lineage": "fb28876e-d431-eb45-7719-c83cd194c2d8",
  "outputs": {
    "cluster-name": {
      "value": "minecraft-server",
      "type": "string"
    }
  },
  "resources": [
    {
      "mode": "managed",
      "type": "google_container_cluster",
      "name": "harbor",
      "provider": "provider.google",
      "instances": [
        {
          "schema_version": 1,
          "attributes": {
            "additional_zones": [],
            "addons_config": [
              {
                "horizontal_pod_autoscaling": [],
                "http_load_balancing": [],
                "kubernetes_dashboard": [
                  {
                    "disabled": true
                  }
                ],
                "network_policy_config": [
                  {
                    "disabled": true
                  }
                ]
              }
            ],
            "cluster_autoscaling": [],
            "cluster_ipv4_cidr": "10.128.0.0/14",
            "description": "",
            "enable_binary_authorization": null,
            "enable_intranode_visibility": null,
            "enable_kubernetes_alpha": false,
            "enable_legacy_abac": false,
            "enable_tpu": null,
            "endpoint": "35.230.117.80",
            "id": "minecraft-server",
            "initial_node_count": 3,
            "instance_group_urls": [],
            "ip_allocation_policy": [],
            "location": "us-west1-a",
            "logging_service": "logging.googleapis.com",
            "maintenance_policy": [],
            "master_auth": [
              {
                "client_certificate": "",
                "client_certificate_config": [
                  {
                    "issue_client_certificate": false
                  }
                ],
                "client_key": "",
                "cluster_ca_certificate": "LS0tLS1CRUdJTiBDRVJUSUZJQ0FURS0tLS0tCk1JSURERENDQWZTZ0F3SUJBZ0lSQU5udm5lcUdWbzFIR25nbGZneTZXVEF3RFFZSktvWklodmNOQVFFTEJRQXcKTHpFdE1Dc0dBMVVFQXhNa1pETmtaVEEzWkdZdE1qbGtZUzAwTVdNeExXSTJOMll0Wmpka05UVTFZVEF4T0RaaQpNQjRYRFRFNU1EZ3lNVEU1TWpFd05Wb1hEVEkwTURneE9USXdNakV3TlZvd0x6RXRNQ3NHQTFVRUF4TWtaRE5rClpUQTNaR1l0TWpsa1lTMDBNV014TFdJMk4yWXRaamRrTlRVMVlUQXhPRFppTUlJQklqQU5CZ2txaGtpRzl3MEIKQVFFRkFBT0NBUThBTUlJQkNnS0NBUUVBeHFOZjBmVU1KQ0JsOVF3U05RdVZEWHVuRksvRTJ3eVpDajNieFRhTAp5N3QxdHpUVHc2N0FIYWVKRUpVRjZCemQ2Y2JScXBYM2VwMCtxVjlJNE45eVovdnBkOUxCVFVMYVhMQzFGYlBMCkNrU2NNTmlKK1ZKSndiTHcyNjJ4WDl6eGNTeXVnNlRJVGhUZm5Ga1Vndi85UGk2RFdpTm1aN2RKZkduQ2JxQUwKN3VISTdXMEdQVUN0Rm15MkovUlVXNzdmd0pHMlRiK2kyTVRCY1Y1bG10cy94V2plL21BZEkwYVdPUmFNdFRzYQpDcnBadXM2NkRQcmRMK1JOcjhNV0ZvSjhMcHVNVkxJNk5PdGRrQ1hnWmpNdUJ6cHI4OTh2Sm1IcW5RNUhPVTN1Cjl2VEhBOGtlbkRZRDJzUWFtVEdEMUlMNzRsK3RuTVpZb1RGUlpQZGhsMnBLMlFJREFRQUJveU13SVRBT0JnTlYKSFE4QkFmOEVCQU1DQWdRd0R3WURWUjBUQVFIL0JBVXdBd0VCL3pBTkJna3Foa2lHOXcwQkFRc0ZBQU9DQVFFQQpNc2IrZ2xFbWc1aFZrayt5NTY2UDJEOW5IUHRqVXA0UnB1RnNtMUhFU0V6ZzMyWUkzWU92Rzh3RmtxN3BxM2dCCngrbFpHc0N1bEZRS2FOMnNBMjk3aUEwYVQ0THlGNVdDbFBWYlZ4NmFXeXR3eUxVZ3A2VzIrUjROT1M0d08zU00KSzRTRnFzSGorWFo4NUg5NmJzWE01aERQbnlteGovMjdPQTZwSzkyV0h0NWowYXgzZVpKeW5lUGhWWnNaVHl2Sgo1VHYxazFXZjYybWZCYkxtcWpnL0pQdjF1bm9xZHdHbjdsNjFzbEU1TG5iTlhnTmZnSThhVGgrRzkxTllGVER6CmkvS2dxZGFTRE4yTmxxVjNuTHdzNzc3eTZlNjdRakZDdEVNdUI4K0dXK253c3hvaW9OWm1VYkFqME1pSitDVFYKb1ZnUFVmKzZyWSsvWlFIODYwL3RFQT09Ci0tLS0tRU5EIENFUlRJRklDQVRFLS0tLS0K",
                "password": "",
                "username": ""
              }
            ],
            "master_authorized_networks_config": [],
            "master_version": "1.12.8-gke.10",
            "min_master_version": null,
            "monitoring_service": "monitoring.googleapis.com",
            "name": "minecraft-server",
            "network": "projects/terraform-gcp-harbor/global/networks/minecraft",
            "network_policy": [
              {
                "enabled": false,
                "provider": "PROVIDER_UNSPECIFIED"
              }
            ],
            "node_config": [],
            "node_locations": [],
            "node_pool": [],
            "node_version": "1.12.8-gke.10",
            "pod_security_policy_config": [],
            "private_cluster_config": [],
            "project": "terraform-gcp-harbor",
            "region": null,
            "remove_default_node_pool": true,
            "resource_labels": null,
            "services_ipv4_cidr": "10.131.240.0/20",
            "subnetwork": "projects/terraform-gcp-harbor/regions/us-west1/subnetworks/minecraft-1",
            "timeouts": null,
            "zone": "us-west1-a"
          },
          "private": "eyJlMmJmYjczMC1lY2FhLTExZTYtOGY4OC0zNDM2M2JjN2M0YzAiOnsiY3JlYXRlIjoxODAwMDAwMDAwMDAwLCJkZWxldGUiOjE4MDAwMDAwMDAwMDAsInVwZGF0ZSI6MzYwMDAwMDAwMDAwMH0sInNjaGVtYV92ZXJzaW9uIjoiMSJ9"
        }
      ]
    },
    {
      "mode": "managed",
      "type": "google_container_node_pool",
      "name": "harbor_nodes",
      "provider": "provider.google",
      "instances": [
        {
          "schema_version": 1,
          "attributes": {
            "autoscaling": [],
            "cluster": "minecraft-server",
            "id": "us-west1-a/minecraft-server/minecraft-server-pool",
            "initial_node_count": 1,
            "instance_group_urls": [
              "https://www.googleapis.com/compute/v1/projects/terraform-gcp-harbor/zones/us-west1-a/instanceGroupManagers/gke-minecraft-server-minecraft-server-3dc2599d-grp"
            ],
            "location": "us-west1-a",
            "management": [
              {
                "auto_repair": false,
                "auto_upgrade": false
              }
            ],
            "max_pods_per_node": null,
            "name": "minecraft-server-pool",
            "name_prefix": "",
            "node_config": [
              {
                "disk_size_gb": 100,
                "disk_type": "pd-standard",
                "guest_accelerator": [],
                "image_type": "COS",
                "labels": {},
                "local_ssd_count": 0,
                "machine_type": "n1-standard-1",
                "metadata": {
                  "disable-legacy-endpoints": "true"
                },
                "min_cpu_platform": "",
                "oauth_scopes": [
                  "https://www.googleapis.com/auth/logging.write",
                  "https://www.googleapis.com/auth/monitoring"
                ],
                "preemptible": true,
                "sandbox_config": [],
                "service_account": "default",
                "tags": null,
                "taint": [],
                "workload_metadata_config": []
              }
            ],
            "node_count": 1,
            "project": "terraform-gcp-harbor",
            "region": null,
            "timeouts": null,
            "version": "1.12.8-gke.10",
            "zone": "us-west1-a"
          },
          "private": "eyJlMmJmYjczMC1lY2FhLTExZTYtOGY4OC0zNDM2M2JjN2M0YzAiOnsiY3JlYXRlIjoxODAwMDAwMDAwMDAwLCJkZWxldGUiOjYwMDAwMDAwMDAwMCwidXBkYXRlIjo2MDAwMDAwMDAwMDB9LCJzY2hlbWFfdmVyc2lvbiI6IjEifQ==",
          "depends_on": [
            "google_container_cluster.harbor"
          ]
        }
      ]
    }
  ]
}
