{
  "version": 4,
  "terraform_version": "0.12.2",
  "serial": 25,
  "lineage": "ea85785b-5dc8-e129-348b-44196d4cbdbc",
  "outputs": {
    "cluster-name": {
      "value": "harbor-kube-2",
      "type": "string"
    }
  },
  "resources": [
    {
      "mode": "managed",
      "type": "google_container_cluster",
      "name": "harbor",
      "provider": "provider.google",
      "instances": [
        {
          "schema_version": 1,
          "attributes": {
            "additional_zones": [],
            "addons_config": [
              {
                "horizontal_pod_autoscaling": [],
                "http_load_balancing": [],
                "kubernetes_dashboard": [
                  {
                    "disabled": true
                  }
                ],
                "network_policy_config": [
                  {
                    "disabled": true
                  }
                ]
              }
            ],
            "cluster_autoscaling": [],
            "cluster_ipv4_cidr": "10.128.0.0/14",
            "description": "",
            "enable_binary_authorization": null,
            "enable_intranode_visibility": null,
            "enable_kubernetes_alpha": false,
            "enable_legacy_abac": false,
            "enable_tpu": null,
            "endpoint": "35.230.69.224",
            "id": "harbor-kube-2",
            "initial_node_count": 3,
            "instance_group_urls": [],
            "ip_allocation_policy": [],
            "location": "us-west1-a",
            "logging_service": "logging.googleapis.com",
            "maintenance_policy": [],
            "master_auth": [
              {
                "client_certificate": "",
                "client_certificate_config": [
                  {
                    "issue_client_certificate": false
                  }
                ],
                "client_key": "",
                "cluster_ca_certificate": "LS0tLS1CRUdJTiBDRVJUSUZJQ0FURS0tLS0tCk1JSURDekNDQWZPZ0F3SUJBZ0lRRkRMWFN1S1l5ZFVKTDZuU3JtZGF5ekFOQmdrcWhraUc5dzBCQVFzRkFEQXYKTVMwd0t3WURWUVFERXlSbFkyRTFZelk0TWkwM1l6STFMVFJpTmpBdE9EVmlaUzB6T0RObVpXTmtOMkl6WWpRdwpIaGNOTVRrd09ERTFNakF6TlRReVdoY05NalF3T0RFek1qRXpOVFF5V2pBdk1TMHdLd1lEVlFRREV5UmxZMkUxCll6WTRNaTAzWXpJMUxUUmlOakF0T0RWaVpTMHpPRE5tWldOa04ySXpZalF3Z2dFaU1BMEdDU3FHU0liM0RRRUIKQVFVQUE0SUJEd0F3Z2dFS0FvSUJBUURHeEgyaEtGakQwQTVWNExRcWhGRE1IeUNuWjFsbTk2ZElYbEdlVWpNYgp2cVo5MHFGK0E4MzJrY3hHRW9ITlViV1FqajJ1SU5vMzlxOHVDSHI0cmROWmk3dWdUeXBrL1BjZC9lcnRJamF0CjJtU0hQajZvL1JUWTZnQjNVUGgwZGE4RDdvUmdESzJUOFJkMGRpdE85R0t0bHF6c0NkRUVPWCtaSExJR1JSRnkKWlBQR3dhS1BzNzllWktoMlhBU0s3cFV1NTBIbXF5VHgzZEF5cExDS0ljSFR3NTZrL3NXQjFoUzJGZjlMbjhHdgp4aEpnbGNmYVZITDRMcDdYNFhSeWNhOUtGUU1FWjdzTmlydGh2TE5WWWQ1azNDZHlYUVlmMW5idHQyWUxPTmJuCnFDazhyYTZIZzlRSHVETlF6UDVvVkZ2UVRmUTg2ZFljS2J6ZVM4aHdyUnBMQWdNQkFBR2pJekFoTUE0R0ExVWQKRHdFQi93UUVBd0lDQkRBUEJnTlZIUk1CQWY4RUJUQURBUUgvTUEwR0NTcUdTSWIzRFFFQkN3VUFBNElCQVFBYQplZ0xueVVGK0t1OEZRTXE5UXpDdVFXUWpidkpNYmlmL05HU3BwODFCbWwwUjNVOFJidFhPb01TK3djOVJBR3JsCjVXZVBOdTNZTVRPazBEWnp3MjZsSGhCa2c4dmwxbWN5ZDB5Nmd2YnFuQnVVUHNhdmFqcnVpMmwyODZ5dEJDL2oKNHpmdnc2Zkhsd2loUnBzd3p1K2kzdnVtdUcwRlphUThGdFU2VWNQRnpCR3RicW8rZUJhYUN1R0dicmY5RnpqeApVbkpXRDBrTGJnTCt0eGlnUEVVQlBlSjJZY2w3N3ZrUjZ5by8rSUhFZmdPdkZwUXZ3V3prbWNleHZCaWN4ZTBDCmFMaTNxWUowdWxhb2grZFkxb1pDakNEbTgrcUNjTDFtWmVTN2dqbjNYM1Zzd3I5dkdrRnJ3N0R1Vjg3RllFMWYKQXEycUJTd3BlQy9IZkN5dS9pL00KLS0tLS1FTkQgQ0VSVElGSUNBVEUtLS0tLQo=",
                "password": "",
                "username": ""
              }
            ],
            "master_authorized_networks_config": [],
            "master_version": "1.12.8-gke.10",
            "min_master_version": null,
            "monitoring_service": "monitoring.googleapis.com",
            "name": "harbor-kube-2",
            "network": "projects/terraform-gcp-harbor/global/networks/terraform-gcp-harbor",
            "network_policy": [
              {
                "enabled": false,
                "provider": "PROVIDER_UNSPECIFIED"
              }
            ],
            "node_config": [],
            "node_locations": [],
            "node_pool": [],
            "node_version": "1.12.8-gke.10",
            "pod_security_policy_config": [],
            "private_cluster_config": [],
            "project": "terraform-gcp-harbor",
            "region": null,
            "remove_default_node_pool": true,
            "resource_labels": null,
            "services_ipv4_cidr": "10.131.240.0/20",
            "subnetwork": "projects/terraform-gcp-harbor/regions/us-west1/subnetworks/harbor-repo-0",
            "timeouts": null,
            "zone": "us-west1-a"
          },
          "private": "eyJlMmJmYjczMC1lY2FhLTExZTYtOGY4OC0zNDM2M2JjN2M0YzAiOnsiY3JlYXRlIjoxODAwMDAwMDAwMDAwLCJkZWxldGUiOjE4MDAwMDAwMDAwMDAsInVwZGF0ZSI6MzYwMDAwMDAwMDAwMH0sInNjaGVtYV92ZXJzaW9uIjoiMSJ9"
        }
      ]
    },
    {
      "mode": "managed",
      "type": "google_container_node_pool",
      "name": "harbor_nodes",
      "provider": "provider.google",
      "instances": [
        {
          "schema_version": 1,
          "attributes": {
            "autoscaling": [],
            "cluster": "harbor-kube-2",
            "id": "us-west1-a/harbor-kube-2/harbor-kube-2-pool",
            "initial_node_count": 3,
            "instance_group_urls": [
              "https://www.googleapis.com/compute/v1/projects/terraform-gcp-harbor/zones/us-west1-a/instanceGroupManagers/gke-harbor-kube-2-harbor-kube-2-pool-ea1fbca2-grp"
            ],
            "location": "us-west1-a",
            "management": [
              {
                "auto_repair": false,
                "auto_upgrade": false
              }
            ],
            "max_pods_per_node": null,
            "name": "harbor-kube-2-pool",
            "name_prefix": "",
            "node_config": [
              {
                "disk_size_gb": 100,
                "disk_type": "pd-standard",
                "guest_accelerator": [],
                "image_type": "COS",
                "labels": {},
                "local_ssd_count": 0,
                "machine_type": "n1-standard-1",
                "metadata": {
                  "disable-legacy-endpoints": "true"
                },
                "min_cpu_platform": "",
                "oauth_scopes": [
                  "https://www.googleapis.com/auth/logging.write",
                  "https://www.googleapis.com/auth/monitoring"
                ],
                "preemptible": true,
                "sandbox_config": [],
                "service_account": "default",
                "tags": null,
                "taint": [],
                "workload_metadata_config": []
              }
            ],
            "node_count": 3,
            "project": "terraform-gcp-harbor",
            "region": null,
            "timeouts": null,
            "version": "1.12.8-gke.10",
            "zone": "us-west1-a"
          },
          "private": "eyJlMmJmYjczMC1lY2FhLTExZTYtOGY4OC0zNDM2M2JjN2M0YzAiOnsiY3JlYXRlIjoxODAwMDAwMDAwMDAwLCJkZWxldGUiOjYwMDAwMDAwMDAwMCwidXBkYXRlIjo2MDAwMDAwMDAwMDB9LCJzY2hlbWFfdmVyc2lvbiI6IjEifQ==",
          "depends_on": [
            "google_container_cluster.harbor"
          ]
        }
      ]
    }
  ]
}
