{
  "version": 4,
  "terraform_version": "0.12.2",
  "serial": 35,
  "lineage": "e7f25def-18f9-7b78-bf92-a8fa6d2bae28",
  "outputs": {
    "cluster-name": {
      "value": "harbor-kube",
      "type": "string"
    }
  },
  "resources": [
    {
      "mode": "managed",
      "type": "google_container_cluster",
      "name": "harbor",
      "provider": "provider.google",
      "instances": [
        {
          "schema_version": 1,
          "attributes": {
            "additional_zones": [],
            "addons_config": [
              {
                "horizontal_pod_autoscaling": [],
                "http_load_balancing": [],
                "kubernetes_dashboard": [
                  {
                    "disabled": true
                  }
                ],
                "network_policy_config": [
                  {
                    "disabled": true
                  }
                ]
              }
            ],
            "cluster_autoscaling": [],
            "cluster_ipv4_cidr": "10.32.0.0/14",
            "description": "",
            "enable_binary_authorization": null,
            "enable_intranode_visibility": null,
            "enable_kubernetes_alpha": false,
            "enable_legacy_abac": false,
            "enable_tpu": null,
            "endpoint": "35.203.171.77",
            "id": "harbor-kube",
            "initial_node_count": 3,
            "instance_group_urls": [],
            "ip_allocation_policy": [],
            "location": "us-west1-a",
            "logging_service": "logging.googleapis.com",
            "maintenance_policy": [],
            "master_auth": [
              {
                "client_certificate": "",
                "client_certificate_config": [
                  {
                    "issue_client_certificate": false
                  }
                ],
                "client_key": "",
                "cluster_ca_certificate": "LS0tLS1CRUdJTiBDRVJUSUZJQ0FURS0tLS0tCk1JSURDekNDQWZPZ0F3SUJBZ0lRVG1OREtXYTRtSDduM3lzQ0FMVWdCekFOQmdrcWhraUc5dzBCQVFzRkFEQXYKTVMwd0t3WURWUVFERXlSa09Ea3dPRGhpTXkwd056TXpMVFJrTW1ZdE9UZGxaaTAwWVdVNE5EYzRaVFZqTkRJdwpIaGNOTVRrd09EQTJNakF6T0RFeFdoY05NalF3T0RBME1qRXpPREV4V2pBdk1TMHdLd1lEVlFRREV5UmtPRGt3Ck9EaGlNeTB3TnpNekxUUmtNbVl0T1RkbFppMDBZV1U0TkRjNFpUVmpOREl3Z2dFaU1BMEdDU3FHU0liM0RRRUIKQVFVQUE0SUJEd0F3Z2dFS0FvSUJBUUN5SW9Qd045cXpOS2s2K1hCeHlEd0MrV0xTK0tqY3dwaUloV1V3eW5uegpFRDB5SkJ0a1lzZEJZbDNLWEMyWXVyVTVjblhHWGY5SFVScmhHZ0k0RmluY05jZXVUOS9mZ0tIcUU4NEVIME1BCjlMYXBtUGVqNk9ZdHh1d0pJa3VZcFdrNU5KS1M1RUpieGt6THhFRThHN3V0OVpWeHUzSGNxcDk5Z3RaYTdPUjYKNFhSOXhrSC9oV29yUU40SU8wUWFQMS84M2VJQVJOcTg3QStWT0ZJMDh1bmFWZWpheERjVVFWc2RNYkdoUGN2MgplS2NMM1JjYjQ1RmtMMy91OS9ENmNmNlljcVJuZURtd3MrZ2pycVFFLzVhQVlyZ29ZSUpRcGRFYlozeGFlT3d0CitUdmQ4N1NOQ2V1eXhPcnZIY09jcFJUUTJCeWVBKzB3MmpRazROYkNkZE4zQWdNQkFBR2pJekFoTUE0R0ExVWQKRHdFQi93UUVBd0lDQkRBUEJnTlZIUk1CQWY4RUJUQURBUUgvTUEwR0NTcUdTSWIzRFFFQkN3VUFBNElCQVFBaAp1cjJWSXl1Rm80emhDeWJxd2drdW5Yam8vWktKb1lmRERyMzY3UVBDQ2JHQ0YzMHVvSW9kUERkYmhYNWpRTHd1Cm9VVFlERjdyUmN3N3pEa1hnZmhsT2xqODM2eXVBMjhpUDBHYmdUVXZwOG55RkF6cXAvaUlEUzQ1MDZZNDJCYXkKN2hYaE0wc3lFSXlqY2x2WGJKWmJ2VWJBVFlmRklHbHFmdmdmRlNvTE11VmsxNno5Qmtaczc5T2xsME1IQWwyVwovNFdMNDlieXJhUWhVRjBlVEF4OWM0NXFtV2tzN21wNWhrU25nZURBOC80bDM4ZnY1QXp1cWJuOXFFRXhpNVY3CkNrSmV6Yjd2QzF6UlBIVzlMaThIVnBpQm85TEp4ZDRpNHdOVHdOdkNINWYvNDVhKzlncXpSREMwM0FSTEJLT1AKWGc3K0ZwV2FTTjBrdHRSN3FoYW4KLS0tLS1FTkQgQ0VSVElGSUNBVEUtLS0tLQo=",
                "password": "",
                "username": ""
              }
            ],
            "master_authorized_networks_config": [],
            "master_version": "1.12.8-gke.10",
            "min_master_version": null,
            "monitoring_service": "monitoring.googleapis.com",
            "name": "harbor-kube",
            "network": "projects/terraform-gcp-harbor/global/networks/default",
            "network_policy": [
              {
                "enabled": false,
                "provider": "PROVIDER_UNSPECIFIED"
              }
            ],
            "node_config": [],
            "node_locations": [],
            "node_pool": [],
            "node_version": "1.12.8-gke.10",
            "pod_security_policy_config": [],
            "private_cluster_config": [],
            "project": "terraform-gcp-harbor",
            "region": null,
            "remove_default_node_pool": true,
            "resource_labels": null,
            "services_ipv4_cidr": "10.35.240.0/20",
            "subnetwork": "projects/terraform-gcp-harbor/regions/us-west1/subnetworks/default",
            "timeouts": null,
            "zone": "us-west1-a"
          },
          "private": "eyJlMmJmYjczMC1lY2FhLTExZTYtOGY4OC0zNDM2M2JjN2M0YzAiOnsiY3JlYXRlIjoxODAwMDAwMDAwMDAwLCJkZWxldGUiOjE4MDAwMDAwMDAwMDAsInVwZGF0ZSI6MzYwMDAwMDAwMDAwMH0sInNjaGVtYV92ZXJzaW9uIjoiMSJ9"
        }
      ]
    },
    {
      "mode": "managed",
      "type": "google_container_node_pool",
      "name": "harbor_nodes",
      "provider": "provider.google",
      "instances": [
        {
          "schema_version": 1,
          "attributes": {
            "autoscaling": [],
            "cluster": "harbor-kube",
            "id": "us-west1-a/harbor-kube/harbor-kube-pool",
            "initial_node_count": 1,
            "instance_group_urls": [
              "https://www.googleapis.com/compute/v1/projects/terraform-gcp-harbor/zones/us-west1-a/instanceGroupManagers/gke-harbor-kube-harbor-kube-pool-1b9ba7bd-grp"
            ],
            "location": "us-west1-a",
            "management": [
              {
                "auto_repair": false,
                "auto_upgrade": false
              }
            ],
            "max_pods_per_node": null,
            "name": "harbor-kube-pool",
            "name_prefix": "",
            "node_config": [
              {
                "disk_size_gb": 100,
                "disk_type": "pd-standard",
                "guest_accelerator": [],
                "image_type": "COS",
                "labels": {},
                "local_ssd_count": 0,
                "machine_type": "n1-standard-1",
                "metadata": {
                  "disable-legacy-endpoints": "true"
                },
                "min_cpu_platform": "",
                "oauth_scopes": [
                  "https://www.googleapis.com/auth/logging.write",
                  "https://www.googleapis.com/auth/monitoring"
                ],
                "preemptible": true,
                "sandbox_config": [],
                "service_account": "default",
                "tags": null,
                "taint": [],
                "workload_metadata_config": []
              }
            ],
            "node_count": 1,
            "project": "terraform-gcp-harbor",
            "region": null,
            "timeouts": null,
            "version": "1.12.8-gke.10",
            "zone": "us-west1-a"
          },
          "private": "eyJlMmJmYjczMC1lY2FhLTExZTYtOGY4OC0zNDM2M2JjN2M0YzAiOnsiY3JlYXRlIjoxODAwMDAwMDAwMDAwLCJkZWxldGUiOjYwMDAwMDAwMDAwMCwidXBkYXRlIjo2MDAwMDAwMDAwMDB9LCJzY2hlbWFfdmVyc2lvbiI6IjEifQ==",
          "depends_on": [
            "google_container_cluster.harbor"
          ]
        }
      ]
    }
  ]
}
