{
  "version": 4,
  "terraform_version": "0.12.2",
  "serial": 4,
  "lineage": "3bcd0bd9-a63d-90b0-76e1-f666465e7488",
  "outputs": {
    "cluster-name": {
      "value": "minecraft-server",
      "type": "string"
    }
  },
  "resources": [
    {
      "mode": "managed",
      "type": "google_container_cluster",
      "name": "harbor",
      "provider": "provider.google",
      "instances": [
        {
          "schema_version": 1,
          "attributes": {
            "additional_zones": [],
            "addons_config": [
              {
                "horizontal_pod_autoscaling": [],
                "http_load_balancing": [],
                "kubernetes_dashboard": [
                  {
                    "disabled": true
                  }
                ],
                "network_policy_config": [
                  {
                    "disabled": true
                  }
                ]
              }
            ],
            "cluster_autoscaling": [],
            "cluster_ipv4_cidr": "10.128.0.0/14",
            "description": "",
            "enable_binary_authorization": null,
            "enable_intranode_visibility": null,
            "enable_kubernetes_alpha": false,
            "enable_legacy_abac": false,
            "enable_tpu": null,
            "endpoint": "35.230.69.18",
            "id": "minecraft-server",
            "initial_node_count": 3,
            "instance_group_urls": [
              "https://www.googleapis.com/compute/v1/projects/terraform-gcp-harbor/zones/us-west1-a/instanceGroups/gke-minecraft-server-minecraft-server-ae7c836f-grp"
            ],
            "ip_allocation_policy": [],
            "location": "us-west1-a",
            "logging_service": "logging.googleapis.com",
            "maintenance_policy": [],
            "master_auth": [
              {
                "client_certificate": "",
                "client_certificate_config": [
                  {
                    "issue_client_certificate": false
                  }
                ],
                "client_key": "",
                "cluster_ca_certificate": "LS0tLS1CRUdJTiBDRVJUSUZJQ0FURS0tLS0tCk1JSURDekNDQWZPZ0F3SUJBZ0lRSDlGUWZFYythZERNallNSTBwa3l5akFOQmdrcWhraUc5dzBCQVFzRkFEQXYKTVMwd0t3WURWUVFERXlSaE5URXdaV0kwTUMwd05ETm1MVFF6WVdVdE9ESTBNeTFqWVRVd09URTVOakUwWkRJdwpIaGNOTVRrd09ESTJNVGcxTVRReVdoY05NalF3T0RJME1UazFNVFF5V2pBdk1TMHdLd1lEVlFRREV5UmhOVEV3ClpXSTBNQzB3TkRObUxUUXpZV1V0T0RJME15MWpZVFV3T1RFNU5qRTBaREl3Z2dFaU1BMEdDU3FHU0liM0RRRUIKQVFVQUE0SUJEd0F3Z2dFS0FvSUJBUUNpZzZqN1huZHFiOUNMVEo3T0h0M01uazJZQzBJVkdNcERYK2JGR0FqUAo5WnJaMEhHc2RBWlZUUkxVaDh0Ly9OVEh6Qk5Pd3gvWFBuQ1Rad29raDE0YXA1TzRua1B6MnpaUmVtUFo4SVdBCmRPSDFPNGZyT29VdXdQVkh3SFl1RG9tNWRXNVBTcXBaZW1HdUMwdzBZSCtDUmZENU5hc2p3QjYwNmQzNUFqSTIKV3lsbit5Q3dndWI3TExPVnhkNXg4d3UzK1hnbXdiSDlCZHJnVWdudzQrSC9yQ2lYdkxBcHUvUVBXNEZPQUptWQp5RHZORi85M1ZwQmpod3NLcWp4Nzhmc0MzQVF5bDZoQ3JsQ2MrQUNXaWJ1RnI1YjVpR2dNTnJTeGI5YlNzT3p1CmNBcjNCdmJjanlSMllXd2hzWmJEZ05GUE5NS0J2ZmNPbjU4VzB6VUlxYmlCQWdNQkFBR2pJekFoTUE0R0ExVWQKRHdFQi93UUVBd0lDQkRBUEJnTlZIUk1CQWY4RUJUQURBUUgvTUEwR0NTcUdTSWIzRFFFQkN3VUFBNElCQVFBRApPT3NJWElSYldKVVNVeVdlYks4b0gwTElTNlNkQ2lDVCtTdkwwYkFBS29YMjZCcEtDaWVKZ1BvdUdqejhvZWhiCmZMMFhxNTVuME93QmttYVA1MkVFQlBKcmxPV3FCWTlKWnJuUzEwT1pudlRZUXQyNXgzQnFhcW9FbVdVaFlwalEKVkVyUjZSOGlROXN1d0wwQ1hoMVNiV0JMaEtxMFZ3M2U4VDlnUXdTWmFibjNPZnZaS0ZNL1pjVTRLYWV6eUVrKwpSbC9pRjc4eHZ0NTNleGJrN2dmTVA0cVJOL2tsNmZiYTY3K1lISk9ZamR0WHd3dExLTmZEV1VLZXY3YUN4M0ZjClk5MjNDZlJQdEJJdjc4OHNmTHFoN0RjVGp5QlUvOEo1dzJ6SktXYlVCOEtXS1VhU1VsWHBzU0ZVT1Nod3NVK3YKZXhTaXZpWXYraUNlM25Fczh5N2gKLS0tLS1FTkQgQ0VSVElGSUNBVEUtLS0tLQo=",
                "password": "",
                "username": ""
              }
            ],
            "master_authorized_networks_config": [],
            "master_version": "1.12.8-gke.10",
            "min_master_version": null,
            "monitoring_service": "monitoring.googleapis.com",
            "name": "minecraft-server",
            "network": "projects/terraform-gcp-harbor/global/networks/minecraft",
            "network_policy": [
              {
                "enabled": false,
                "provider": "PROVIDER_UNSPECIFIED"
              }
            ],
            "node_config": [
              {
                "disk_size_gb": 100,
                "disk_type": "pd-standard",
                "guest_accelerator": [],
                "image_type": "COS",
                "labels": {},
                "local_ssd_count": 0,
                "machine_type": "n1-standard-1",
                "metadata": {
                  "disable-legacy-endpoints": "true"
                },
                "min_cpu_platform": "",
                "oauth_scopes": [
                  "https://www.googleapis.com/auth/logging.write",
                  "https://www.googleapis.com/auth/monitoring"
                ],
                "preemptible": true,
                "sandbox_config": [],
                "service_account": "default",
                "tags": [],
                "taint": [],
                "workload_metadata_config": []
              }
            ],
            "node_locations": [],
            "node_pool": [
              {
                "autoscaling": [],
                "initial_node_count": 1,
                "instance_group_urls": [
                  "https://www.googleapis.com/compute/v1/projects/terraform-gcp-harbor/zones/us-west1-a/instanceGroupManagers/gke-minecraft-server-minecraft-server-ae7c836f-grp"
                ],
                "management": [
                  {
                    "auto_repair": false,
                    "auto_upgrade": false
                  }
                ],
                "max_pods_per_node": 0,
                "name": "minecraft-server-pool",
                "name_prefix": "",
                "node_config": [
                  {
                    "disk_size_gb": 100,
                    "disk_type": "pd-standard",
                    "guest_accelerator": [],
                    "image_type": "COS",
                    "labels": {},
                    "local_ssd_count": 0,
                    "machine_type": "n1-standard-1",
                    "metadata": {
                      "disable-legacy-endpoints": "true"
                    },
                    "min_cpu_platform": "",
                    "oauth_scopes": [
                      "https://www.googleapis.com/auth/logging.write",
                      "https://www.googleapis.com/auth/monitoring"
                    ],
                    "preemptible": true,
                    "sandbox_config": [],
                    "service_account": "default",
                    "tags": [],
                    "taint": [],
                    "workload_metadata_config": []
                  }
                ],
                "node_count": 1,
                "version": "1.12.8-gke.10"
              }
            ],
            "node_version": "1.12.8-gke.10",
            "pod_security_policy_config": [],
            "private_cluster_config": [],
            "project": "terraform-gcp-harbor",
            "region": null,
            "remove_default_node_pool": true,
            "resource_labels": {},
            "services_ipv4_cidr": "10.131.240.0/20",
            "subnetwork": "projects/terraform-gcp-harbor/regions/us-west1/subnetworks/minecraft-1",
            "timeouts": null,
            "zone": "us-west1-a"
          },
          "private": "eyJlMmJmYjczMC1lY2FhLTExZTYtOGY4OC0zNDM2M2JjN2M0YzAiOnsiY3JlYXRlIjoxODAwMDAwMDAwMDAwLCJkZWxldGUiOjE4MDAwMDAwMDAwMDAsInVwZGF0ZSI6MzYwMDAwMDAwMDAwMH0sInNjaGVtYV92ZXJzaW9uIjoiMSJ9"
        }
      ]
    },
    {
      "mode": "managed",
      "type": "google_container_node_pool",
      "name": "harbor_nodes",
      "provider": "provider.google",
      "instances": [
        {
          "schema_version": 1,
          "attributes": {
            "autoscaling": [],
            "cluster": "minecraft-server",
            "id": "us-west1-a/minecraft-server/minecraft-server-pool",
            "initial_node_count": 1,
            "instance_group_urls": [
              "https://www.googleapis.com/compute/v1/projects/terraform-gcp-harbor/zones/us-west1-a/instanceGroupManagers/gke-minecraft-server-minecraft-server-ae7c836f-grp"
            ],
            "location": "us-west1-a",
            "management": [
              {
                "auto_repair": false,
                "auto_upgrade": false
              }
            ],
            "max_pods_per_node": null,
            "name": "minecraft-server-pool",
            "name_prefix": "",
            "node_config": [
              {
                "disk_size_gb": 100,
                "disk_type": "pd-standard",
                "guest_accelerator": [],
                "image_type": "COS",
                "labels": {},
                "local_ssd_count": 0,
                "machine_type": "n1-standard-1",
                "metadata": {
                  "disable-legacy-endpoints": "true"
                },
                "min_cpu_platform": "",
                "oauth_scopes": [
                  "https://www.googleapis.com/auth/logging.write",
                  "https://www.googleapis.com/auth/monitoring"
                ],
                "preemptible": true,
                "sandbox_config": [],
                "service_account": "default",
                "tags": [],
                "taint": [],
                "workload_metadata_config": []
              }
            ],
            "node_count": 1,
            "project": "terraform-gcp-harbor",
            "region": null,
            "timeouts": null,
            "version": "1.12.8-gke.10",
            "zone": "us-west1-a"
          },
          "private": "eyJlMmJmYjczMC1lY2FhLTExZTYtOGY4OC0zNDM2M2JjN2M0YzAiOnsiY3JlYXRlIjoxODAwMDAwMDAwMDAwLCJkZWxldGUiOjYwMDAwMDAwMDAwMCwidXBkYXRlIjo2MDAwMDAwMDAwMDB9LCJzY2hlbWFfdmVyc2lvbiI6IjEifQ==",
          "depends_on": [
            "google_container_cluster.harbor"
          ]
        }
      ]
    }
  ]
}
