{
  "version": 4,
  "terraform_version": "0.12.2",
  "serial": 15,
  "lineage": "22b460e8-6121-d7fd-e0e4-8755a98d183a",
  "outputs": {
    "cluster-name": {
      "value": "minecraft-server",
      "type": "string"
    }
  },
  "resources": [
    {
      "mode": "managed",
      "type": "google_container_cluster",
      "name": "harbor",
      "provider": "provider.google",
      "instances": [
        {
          "schema_version": 1,
          "attributes": {
            "additional_zones": [],
            "addons_config": [
              {
                "horizontal_pod_autoscaling": [],
                "http_load_balancing": [],
                "kubernetes_dashboard": [
                  {
                    "disabled": true
                  }
                ],
                "network_policy_config": [
                  {
                    "disabled": true
                  }
                ]
              }
            ],
            "cluster_autoscaling": [],
            "cluster_ipv4_cidr": "10.128.0.0/14",
            "description": "",
            "enable_binary_authorization": null,
            "enable_intranode_visibility": null,
            "enable_kubernetes_alpha": false,
            "enable_legacy_abac": false,
            "enable_tpu": null,
            "endpoint": "35.203.187.198",
            "id": "minecraft-server",
            "initial_node_count": 3,
            "instance_group_urls": [
              "https://www.googleapis.com/compute/v1/projects/terraform-gcp-harbor/zones/us-west1-a/instanceGroups/gke-minecraft-server-minecraft-server-6c7d0626-grp"
            ],
            "ip_allocation_policy": [],
            "location": "us-west1-a",
            "logging_service": "logging.googleapis.com",
            "maintenance_policy": [],
            "master_auth": [
              {
                "client_certificate": "",
                "client_certificate_config": [
                  {
                    "issue_client_certificate": false
                  }
                ],
                "client_key": "",
                "cluster_ca_certificate": "LS0tLS1CRUdJTiBDRVJUSUZJQ0FURS0tLS0tCk1JSURDekNDQWZPZ0F3SUJBZ0lRT3hIbjkxdmNkT1J5Qlk0c0ZLQ0U4ekFOQmdrcWhraUc5dzBCQVFzRkFEQXYKTVMwd0t3WURWUVFERXlSa1ltRXhNR1UxTXkwek9ERTFMVFEzT0dNdE9HSXlNUzB4TnpJNU9XWTNaRFkxTURBdwpIaGNOTVRrd09ESTRNVFF4TURJMFdoY05NalF3T0RJMk1UVXhNREkwV2pBdk1TMHdLd1lEVlFRREV5UmtZbUV4Ck1HVTFNeTB6T0RFMUxUUTNPR010T0dJeU1TMHhOekk1T1dZM1pEWTFNREF3Z2dFaU1BMEdDU3FHU0liM0RRRUIKQVFVQUE0SUJEd0F3Z2dFS0FvSUJBUURKd2JaYnNjbUxuZ0IrMzAyckg4T2xtbE0yYU1vUFU1ODZJUFBGNW9DVQo3N29TSFdmWlBvcGJnTXJranlzSG1Rd1FsWWhQL05xazBHVVB2WENWalYxa3FCV1JZS0NEY24yZ1p5Ynh2TkZMCkoxSTF6Ny9jd28zdDVFYjIvSGFtSXE2NGlTK3pIbWd2aHQ3TGhxNVA1SHJBaWI2YmtKV0dQdmkwU2ZIcks3azIKcXBqWUVDUWdLRzloQm93MzJVYmY5U3EzYkdSZStkK1ZkSDNIM1IzTHZ0WXIxNmx4UGt3MnhxYXU0bUZwaWQwcApKS0JrQmVPSXorRVhoU0wrYXh4cXJIdVZRZXU4a3BPYjd5QTRNNkNzQlFhenh5aWpxOElrbGQ5QmF1NkMxSlhNCjNuUUduM0IwMHFSM1JWRXRaU2NHSmtQa0N4NWNhY2V5TUNaSERwZGlzeUJuQWdNQkFBR2pJekFoTUE0R0ExVWQKRHdFQi93UUVBd0lDQkRBUEJnTlZIUk1CQWY4RUJUQURBUUgvTUEwR0NTcUdTSWIzRFFFQkN3VUFBNElCQVFDMApuU2JhYVdxeWZNY2RqOU5LS1l4T3dUcGo4MG5RTTZlNGFDdStBYml1SkpzSHR1UjFGRlNLdHlnYUY1UUlPd0pzClFDemRwVVBaSnhMeWd1VXhzaGtYNFdIdnpHczBvOWpCY2dCL2FkUlNjNVZzc09wYklQc3pwN0dNdUJERXJpWC8KTytvaTJFOGI1MW9zNUlYWmFpZEpycFFCek5xV2tUdndOeW93RUYzNm8wVXg2Qm0xUzVaZ0Z4Tk5FMnpmNUdRcQpZTU14VmxvL1ZGSlM5SFBUY1RHNFFnMzlqbU55bmV1WFVZa1BBUjZKOGQyTjJ3eWJXYXRZUVRIL3pPSUNMNEpJClFlQXljNmk1R3JidlFpdjlKQ0V6WnhEdWFDdW9wM2pkS2xGeHFLWEwwUEw2OGN5VmFBNHlka1prTzU3UlRRdWUKb3dWejZWemJLRys2UDBIL0p2T3gKLS0tLS1FTkQgQ0VSVElGSUNBVEUtLS0tLQo=",
                "password": "",
                "username": ""
              }
            ],
            "master_authorized_networks_config": [],
            "master_version": "1.12.8-gke.10",
            "min_master_version": null,
            "monitoring_service": "monitoring.googleapis.com",
            "name": "minecraft-server",
            "network": "projects/terraform-gcp-harbor/global/networks/minecraft",
            "network_policy": [
              {
                "enabled": false,
                "provider": "PROVIDER_UNSPECIFIED"
              }
            ],
            "node_config": [
              {
                "disk_size_gb": 100,
                "disk_type": "pd-standard",
                "guest_accelerator": [],
                "image_type": "COS",
                "labels": {},
                "local_ssd_count": 0,
                "machine_type": "n1-standard-1",
                "metadata": {
                  "disable-legacy-endpoints": "true"
                },
                "min_cpu_platform": "",
                "oauth_scopes": [
                  "https://www.googleapis.com/auth/logging.write",
                  "https://www.googleapis.com/auth/monitoring"
                ],
                "preemptible": true,
                "sandbox_config": [],
                "service_account": "default",
                "tags": [],
                "taint": [],
                "workload_metadata_config": []
              }
            ],
            "node_locations": [],
            "node_pool": [
              {
                "autoscaling": [],
                "initial_node_count": 1,
                "instance_group_urls": [
                  "https://www.googleapis.com/compute/v1/projects/terraform-gcp-harbor/zones/us-west1-a/instanceGroupManagers/gke-minecraft-server-minecraft-server-6c7d0626-grp"
                ],
                "management": [
                  {
                    "auto_repair": false,
                    "auto_upgrade": false
                  }
                ],
                "max_pods_per_node": 0,
                "name": "minecraft-server-pool",
                "name_prefix": "",
                "node_config": [
                  {
                    "disk_size_gb": 100,
                    "disk_type": "pd-standard",
                    "guest_accelerator": [],
                    "image_type": "COS",
                    "labels": {},
                    "local_ssd_count": 0,
                    "machine_type": "n1-standard-1",
                    "metadata": {
                      "disable-legacy-endpoints": "true"
                    },
                    "min_cpu_platform": "",
                    "oauth_scopes": [
                      "https://www.googleapis.com/auth/logging.write",
                      "https://www.googleapis.com/auth/monitoring"
                    ],
                    "preemptible": true,
                    "sandbox_config": [],
                    "service_account": "default",
                    "tags": [],
                    "taint": [],
                    "workload_metadata_config": []
                  }
                ],
                "node_count": 1,
                "version": "1.12.8-gke.10"
              }
            ],
            "node_version": "1.12.8-gke.10",
            "pod_security_policy_config": [],
            "private_cluster_config": [],
            "project": "terraform-gcp-harbor",
            "region": null,
            "remove_default_node_pool": true,
            "resource_labels": {},
            "services_ipv4_cidr": "10.131.240.0/20",
            "subnetwork": "projects/terraform-gcp-harbor/regions/us-west1/subnetworks/minecraft-1",
            "timeouts": null,
            "zone": "us-west1-a"
          },
          "private": "eyJlMmJmYjczMC1lY2FhLTExZTYtOGY4OC0zNDM2M2JjN2M0YzAiOnsiY3JlYXRlIjoxODAwMDAwMDAwMDAwLCJkZWxldGUiOjE4MDAwMDAwMDAwMDAsInVwZGF0ZSI6MzYwMDAwMDAwMDAwMH0sInNjaGVtYV92ZXJzaW9uIjoiMSJ9"
        }
      ]
    },
    {
      "mode": "managed",
      "type": "google_container_node_pool",
      "name": "harbor_nodes",
      "provider": "provider.google",
      "instances": [
        {
          "schema_version": 1,
          "attributes": {
            "autoscaling": [],
            "cluster": "minecraft-server",
            "id": "us-west1-a/minecraft-server/minecraft-server-pool",
            "initial_node_count": 1,
            "instance_group_urls": [
              "https://www.googleapis.com/compute/v1/projects/terraform-gcp-harbor/zones/us-west1-a/instanceGroupManagers/gke-minecraft-server-minecraft-server-6c7d0626-grp"
            ],
            "location": "us-west1-a",
            "management": [
              {
                "auto_repair": false,
                "auto_upgrade": false
              }
            ],
            "max_pods_per_node": null,
            "name": "minecraft-server-pool",
            "name_prefix": "",
            "node_config": [
              {
                "disk_size_gb": 100,
                "disk_type": "pd-standard",
                "guest_accelerator": [],
                "image_type": "COS",
                "labels": {},
                "local_ssd_count": 0,
                "machine_type": "n1-standard-1",
                "metadata": {
                  "disable-legacy-endpoints": "true"
                },
                "min_cpu_platform": "",
                "oauth_scopes": [
                  "https://www.googleapis.com/auth/logging.write",
                  "https://www.googleapis.com/auth/monitoring"
                ],
                "preemptible": true,
                "sandbox_config": [],
                "service_account": "default",
                "tags": [],
                "taint": [],
                "workload_metadata_config": []
              }
            ],
            "node_count": 1,
            "project": "terraform-gcp-harbor",
            "region": null,
            "timeouts": null,
            "version": "1.12.8-gke.10",
            "zone": "us-west1-a"
          },
          "private": "eyJlMmJmYjczMC1lY2FhLTExZTYtOGY4OC0zNDM2M2JjN2M0YzAiOnsiY3JlYXRlIjoxODAwMDAwMDAwMDAwLCJkZWxldGUiOjYwMDAwMDAwMDAwMCwidXBkYXRlIjo2MDAwMDAwMDAwMDB9LCJzY2hlbWFfdmVyc2lvbiI6IjEifQ==",
          "depends_on": [
            "google_container_cluster.harbor"
          ]
        }
      ]
    }
  ]
}
